
Microsoft Visual Studio Solution File, Format Version 12.00
# Visual Studio Version 17
VisualStudioVersion = 17.3.32825.248
MinimumVisualStudioVersion = 10.0.40219.1
Project("{2150E333-8FDC-42A3-9474-1A3956D46DE8}") = "src", "src", "{0705A145-BDDE-4221-B613-CD115A743F43}"
EndProject
Project("{2150E333-8FDC-42A3-9474-1A3956D46DE8}") = "tests", "tests", "{470139D2-92BD-4291-AB87-70A97FDF04DC}"
EndProject
Project("{9A19103F-16F7-4668-BE54-9A1E7A4F7556}") = "FC.Codeflix.Catalog.UnitTests", "tests\FC.Codeflix.Catalog.UnitTests\FC.Codeflix.Catalog.UnitTests.csproj", "{013B60FF-E7D6-4616-B451-93C7C0E426D2}"
EndProject
Project("{FAE04EC0-301F-11D3-BF4B-00C04F79EFBC}") = "FC.Codeflix.Catalog.Domain", "FC.Codeflix.Catalog.Domain\FC.Codeflix.Catalog.Domain.csproj", "{42A02468-6589-4B59-8817-4575EC7A7DD0}"
EndProject
Global
	GlobalSection(SolutionConfigurationPlatforms) = preSolution
		Debug|Any CPU = Debug|Any CPU
		Release|Any CPU = Release|Any CPU
	EndGlobalSection
	GlobalSection(ProjectConfigurationPlatforms) = postSolution
		{013B60FF-E7D6-4616-B451-93C7C0E426D2}.Debug|Any CPU.ActiveCfg = Debug|Any CPU
		{013B60FF-E7D6-4616-B451-93C7C0E426D2}.Debug|Any CPU.Build.0 = Debug|Any CPU
		{013B60FF-E7D6-4616-B451-93C7C0E426D2}.Release|Any CPU.ActiveCfg = Release|Any CPU
		{013B60FF-E7D6-4616-B451-93C7C0E426D2}.Release|Any CPU.Build.0 = Release|Any CPU
		{42A02468-6589-4B59-8817-4575EC7A7DD0}.Debug|Any CPU.ActiveCfg = Debug|Any CPU
		{42A02468-6589-4B59-8817-4575EC7A7DD0}.Debug|Any CPU.Build.0 = Debug|Any CPU
		{42A02468-6589-4B59-8817-4575EC7A7DD0}.Release|Any CPU.ActiveCfg = Release|Any CPU
		{42A02468-6589-4B59-8817-4575EC7A7DD0}.Release|Any CPU.Build.0 = Release|Any CPU
	EndGlobalSection
	GlobalSection(SolutionProperties) = preSolution
		HideSolutionNode = FALSE
	EndGlobalSection
	GlobalSection(NestedProjects) = preSolution
		{013B60FF-E7D6-4616-B451-93C7C0E426D2} = {470139D2-92BD-4291-AB87-70A97FDF04DC}
		{42A02468-6589-4B59-8817-4575EC7A7DD0} = {0705A145-BDDE-4221-B613-CD115A743F43}
	EndGlobalSection
	GlobalSection(ExtensibilityGlobals) = postSolution
		SolutionGuid = {068E2D01-D29F-4258-9198-5EEBB325C8ED}
	EndGlobalSection
EndGlobal
